
Microsoft Visual Studio Solution File, Format Version 12.00
# Visual Studio Version 16
VisualStudioVersion = 16.0.30330.147
MinimumVisualStudioVersion = 10.0.40219.1
Project("{FAE04EC0-301F-11D3-BF4B-00C04F79EFBC}") = "NKHook6", "NKHook6\NKHook6.csproj", "{8EBAC05E-9038-45EE-8822-1596215170E3}"
EndProject
Project("{2150E333-8FDC-42A3-9474-1A3956D46DE8}") = "Examples", "Examples", "{E6B3C82B-412B-4A4D-A035-A6E67FC90676}"
EndProject
Project("{FAE04EC0-301F-11D3-BF4B-00C04F79EFBC}") = "LHCM", "Examples\LHCM\LHCM.csproj", "{DF0BB63C-D4FB-4F0E-B0A4-05E5655DE569}"
EndProject
Project("{FAE04EC0-301F-11D3-BF4B-00C04F79EFBC}") = "AddTowers", "Examples\AddTowers\AddTowers.csproj", "{18860BB7-5A81-424B-A156-EA323D8B02B8}"
EndProject
Project("{FAE04EC0-301F-11D3-BF4B-00C04F79EFBC}") = "UltraQuincy", "Examples\UltraQuincy\UltraQuincy.csproj", "{02835FE6-E6D0-4C56-8B46-B2C0F2BAFE05}"
EndProject
Global
	GlobalSection(SolutionConfigurationPlatforms) = preSolution
		Debug|Any CPU = Debug|Any CPU
		Debug|x64 = Debug|x64
		Debug|x86 = Debug|x86
		Release|Any CPU = Release|Any CPU
		Release|x64 = Release|x64
		Release|x86 = Release|x86
	EndGlobalSection
	GlobalSection(ProjectConfigurationPlatforms) = postSolution
		{8EBAC05E-9038-45EE-8822-1596215170E3}.Debug|Any CPU.ActiveCfg = Debug|Any CPU
		{8EBAC05E-9038-45EE-8822-1596215170E3}.Debug|Any CPU.Build.0 = Debug|Any CPU
		{8EBAC05E-9038-45EE-8822-1596215170E3}.Debug|x64.ActiveCfg = Debug|Any CPU
		{8EBAC05E-9038-45EE-8822-1596215170E3}.Debug|x64.Build.0 = Debug|Any CPU
		{8EBAC05E-9038-45EE-8822-1596215170E3}.Debug|x86.ActiveCfg = Debug|Any CPU
		{8EBAC05E-9038-45EE-8822-1596215170E3}.Debug|x86.Build.0 = Debug|Any CPU
		{8EBAC05E-9038-45EE-8822-1596215170E3}.Release|Any CPU.ActiveCfg = Release|Any CPU
		{8EBAC05E-9038-45EE-8822-1596215170E3}.Release|Any CPU.Build.0 = Release|Any CPU
		{8EBAC05E-9038-45EE-8822-1596215170E3}.Release|x64.ActiveCfg = Release|Any CPU
		{8EBAC05E-9038-45EE-8822-1596215170E3}.Release|x64.Build.0 = Release|Any CPU
		{8EBAC05E-9038-45EE-8822-1596215170E3}.Release|x86.ActiveCfg = Release|Any CPU
		{8EBAC05E-9038-45EE-8822-1596215170E3}.Release|x86.Build.0 = Release|Any CPU
		{DF0BB63C-D4FB-4F0E-B0A4-05E5655DE569}.Debug|Any CPU.ActiveCfg = Debug|Any CPU
		{DF0BB63C-D4FB-4F0E-B0A4-05E5655DE569}.Debug|Any CPU.Build.0 = Debug|Any CPU
		{DF0BB63C-D4FB-4F0E-B0A4-05E5655DE569}.Debug|x64.ActiveCfg = Debug|Any CPU
		{DF0BB63C-D4FB-4F0E-B0A4-05E5655DE569}.Debug|x64.Build.0 = Debug|Any CPU
		{DF0BB63C-D4FB-4F0E-B0A4-05E5655DE569}.Debug|x86.ActiveCfg = Debug|Any CPU
		{DF0BB63C-D4FB-4F0E-B0A4-05E5655DE569}.Debug|x86.Build.0 = Debug|Any CPU
		{DF0BB63C-D4FB-4F0E-B0A4-05E5655DE569}.Release|Any CPU.ActiveCfg = Release|Any CPU
		{DF0BB63C-D4FB-4F0E-B0A4-05E5655DE569}.Release|Any CPU.Build.0 = Release|Any CPU
		{DF0BB63C-D4FB-4F0E-B0A4-05E5655DE569}.Release|x64.ActiveCfg = Release|Any CPU
		{DF0BB63C-D4FB-4F0E-B0A4-05E5655DE569}.Release|x64.Build.0 = Release|Any CPU
		{DF0BB63C-D4FB-4F0E-B0A4-05E5655DE569}.Release|x86.ActiveCfg = Release|Any CPU
		{DF0BB63C-D4FB-4F0E-B0A4-05E5655DE569}.Release|x86.Build.0 = Release|Any CPU
		{18860BB7-5A81-424B-A156-EA323D8B02B8}.Debug|Any CPU.ActiveCfg = Debug|Any CPU
		{18860BB7-5A81-424B-A156-EA323D8B02B8}.Debug|Any CPU.Build.0 = Debug|Any CPU
		{18860BB7-5A81-424B-A156-EA323D8B02B8}.Debug|x64.ActiveCfg = Debug|Any CPU
		{18860BB7-5A81-424B-A156-EA323D8B02B8}.Debug|x64.Build.0 = Debug|Any CPU
		{18860BB7-5A81-424B-A156-EA323D8B02B8}.Debug|x86.ActiveCfg = Debug|Any CPU
		{18860BB7-5A81-424B-A156-EA323D8B02B8}.Debug|x86.Build.0 = Debug|Any CPU
		{18860BB7-5A81-424B-A156-EA323D8B02B8}.Release|Any CPU.ActiveCfg = Release|Any CPU
		{18860BB7-5A81-424B-A156-EA323D8B02B8}.Release|Any CPU.Build.0 = Release|Any CPU
		{18860BB7-5A81-424B-A156-EA323D8B02B8}.Release|x64.ActiveCfg = Release|Any CPU
		{18860BB7-5A81-424B-A156-EA323D8B02B8}.Release|x64.Build.0 = Release|Any CPU
		{18860BB7-5A81-424B-A156-EA323D8B02B8}.Release|x86.ActiveCfg = Release|Any CPU
		{18860BB7-5A81-424B-A156-EA323D8B02B8}.Release|x86.Build.0 = Release|Any CPU
		{02835FE6-E6D0-4C56-8B46-B2C0F2BAFE05}.Debug|Any CPU.ActiveCfg = Debug|Any CPU
		{02835FE6-E6D0-4C56-8B46-B2C0F2BAFE05}.Debug|Any CPU.Build.0 = Debug|Any CPU
		{02835FE6-E6D0-4C56-8B46-B2C0F2BAFE05}.Debug|x64.ActiveCfg = Debug|Any CPU
		{02835FE6-E6D0-4C56-8B46-B2C0F2BAFE05}.Debug|x64.Build.0 = Debug|Any CPU
		{02835FE6-E6D0-4C56-8B46-B2C0F2BAFE05}.Debug|x86.ActiveCfg = Debug|Any CPU
		{02835FE6-E6D0-4C56-8B46-B2C0F2BAFE05}.Debug|x86.Build.0 = Debug|Any CPU
		{02835FE6-E6D0-4C56-8B46-B2C0F2BAFE05}.Release|Any CPU.ActiveCfg = Release|Any CPU
		{02835FE6-E6D0-4C56-8B46-B2C0F2BAFE05}.Release|Any CPU.Build.0 = Release|Any CPU
		{02835FE6-E6D0-4C56-8B46-B2C0F2BAFE05}.Release|x64.ActiveCfg = Release|Any CPU
		{02835FE6-E6D0-4C56-8B46-B2C0F2BAFE05}.Release|x64.Build.0 = Release|Any CPU
		{02835FE6-E6D0-4C56-8B46-B2C0F2BAFE05}.Release|x86.ActiveCfg = Release|Any CPU
		{02835FE6-E6D0-4C56-8B46-B2C0F2BAFE05}.Release|x86.Build.0 = Release|Any CPU
	EndGlobalSection
	GlobalSection(SolutionProperties) = preSolution
		HideSolutionNode = FALSE
	EndGlobalSection
	GlobalSection(NestedProjects) = preSolution
		{DF0BB63C-D4FB-4F0E-B0A4-05E5655DE569} = {E6B3C82B-412B-4A4D-A035-A6E67FC90676}
		{18860BB7-5A81-424B-A156-EA323D8B02B8} = {E6B3C82B-412B-4A4D-A035-A6E67FC90676}
		{02835FE6-E6D0-4C56-8B46-B2C0F2BAFE05} = {E6B3C82B-412B-4A4D-A035-A6E67FC90676}
	EndGlobalSection
	GlobalSection(ExtensibilityGlobals) = postSolution
		SolutionGuid = {950FBF06-63C3-407A-A3DC-2522EDE99D29}
	EndGlobalSection
EndGlobal
